<?xml version="1.0" encoding="utf-8"?>
<Project ToolsVersion="4.0" xmlns="http://schemas.microsoft.com/developer/msbuild/2003">
  <ItemGroup>
    <Filter Include="Source Files">
      <UniqueIdentifier>{4FC737F1-C7A5-4376-A066-2A32D752A2FF}</UniqueIdentifier>
      <Extensions>cpp;c;cc;cxx;def;odl;idl;hpj;bat;asm;asmx</Extensions>
    </Filter>
    <Filter Include="Header Files">
      <UniqueIdentifier>{93995380-89BD-4b04-88EB-625FBE52EBFB}</UniqueIdentifier>
      <Extensions>h;hpp;hxx;hm;inl;inc;xsd</Extensions>
    </Filter>
    <Filter Include="Resource Files">
      <UniqueIdentifier>{67DA6AB6-F800-4c08-8B7A-83BB121AAD01}</UniqueIdentifier>
      <Extensions>rc;ico;cur;bmp;dlg;rc2;rct;bin;rgs;gif;jpg;jpeg;jpe;resx;tiff;tif;png;wav;mfcribbon-ms</Extensions>
    </Filter>
  </ItemGroup>
  <ItemGroup>
    <ClInclude Include="Lista.h">
      <Filter>Header Files</Filter>
    </ClInclude>
    <ClInclude Include="Nodo.h">
      <Filter>Header Files</Filter>
    </ClInclude>
    <ClInclude Include="Nodo.h">
      <Filter>Header Files</Filter>
    </ClInclude>
    <ClInclude Include="Iterator.h">
      <Filter>Header Files</Filter>
    </ClInclude>
    <ClInclude Include="Compare.h">
      <Filter>Header Files</Filter>
    </ClInclude>
    <ClInclude Include="ManejadorArchivos.h">
      <Filter>Header Files</Filter>
    </ClInclude>
    <ClInclude Include="Memoria.h">
      <Filter>Header Files</Filter>
    </ClInclude>
    <ClInclude Include="Procesador.h">
      <Filter>Header Files</Filter>
    </ClInclude>
    <ClInclude Include="SistemaOperativo.h">
      <Filter>Header Files</Filter>
    </ClInclude>
    <ClInclude Include="FabricaPC.h">
      <Filter>Header Files</Filter>
    </ClInclude>
    <ClInclude Include="WindowsXP.h">
      <Filter>Header Files</Filter>
    </ClInclude>
    <ClInclude Include="WindowsSiete.h">
      <Filter>Header Files</Filter>
    </ClInclude>
    <ClInclude Include="WindowsVista.h">
      <Filter>Header Files</Filter>
    </ClInclude>
    <ClInclude Include="MacOS.h">
      <Filter>Header Files</Filter>
    </ClInclude>
    <ClInclude Include="Unix.h">
      <Filter>Header Files</Filter>
    </ClInclude>
    <ClInclude Include="FreeBSD.h">
      <Filter>Header Files</Filter>
    </ClInclude>
    <ClInclude Include="Kingston.h">
      <Filter>Header Files</Filter>
    </ClInclude>
    <ClInclude Include="DDRTres.h">
      <Filter>Header Files</Filter>
    </ClInclude>
    <ClInclude Include="DDRCinco.h">
      <Filter>Header Files</Filter>
    </ClInclude>
    <ClInclude Include="Simm.h">
      <Filter>Header Files</Filter>
    </ClInclude>
    <ClInclude Include="Varna.h">
      <Filter>Header Files</Filter>
    </ClInclude>
    <ClInclude Include="Sigma.h">
      <Filter>Header Files</Filter>
    </ClInclude>
    <ClInclude Include="AMD.h">
      <Filter>Header Files</Filter>
    </ClInclude>
    <ClInclude Include="Cyrix.h">
      <Filter>Header Files</Filter>
    </ClInclude>
    <ClInclude Include="SamSung.h">
      <Filter>Header Files</Filter>
    </ClInclude>
    <ClInclude Include="INTEL.h">
      <Filter>Header Files</Filter>
    </ClInclude>
    <ClInclude Include="CELL.h">
      <Filter>Header Files</Filter>
    </ClInclude>
    <ClInclude Include="MOTOROLA.h">
      <Filter>Header Files</Filter>
    </ClInclude>
    <ClInclude Include="FabricaMacPC.h">
      <Filter>Header Files</Filter>
    </ClInclude>
    <ClInclude Include="FabricaWindowsPC.h">
      <Filter>Header Files</Filter>
    </ClInclude>
    <ClInclude Include="Computador.h">
      <Filter>Header Files</Filter>
    </ClInclude>
    <ClInclude Include="Usuario.h">
      <Filter>Header Files</Filter>
    </ClInclude>
  </ItemGroup>
  <ItemGroup>
    <ClCompile Include="Iterator.cpp">
      <Filter>Source Files</Filter>
    </ClCompile>
    <ClCompile Include="Lista.cpp">
      <Filter>Source Files</Filter>
    </ClCompile>
    <ClCompile Include="Nodo.cpp">
      <Filter>Source Files</Filter>
    </ClCompile>
    <ClCompile Include="Main.cpp">
      <Filter>Source Files</Filter>
    </ClCompile>
    <ClCompile Include="ManejadorArchivos.cpp">
      <Filter>Source Files</Filter>
    </ClCompile>
    <ClCompile Include="FreeBSD.cpp">
      <Filter>Source Files</Filter>
    </ClCompile>
    <ClCompile Include="MacOS.cpp">
      <Filter>Source Files</Filter>
    </ClCompile>
    <ClCompile Include="Unix.cpp">
      <Filter>Source Files</Filter>
    </ClCompile>
    <ClCompile Include="WindowsSiete.cpp">
      <Filter>Source Files</Filter>
    </ClCompile>
    <ClCompile Include="WindowsVista.cpp">
      <Filter>Source Files</Filter>
    </ClCompile>
    <ClCompile Include="WindowsXP.cpp">
      <Filter>Source Files</Filter>
    </ClCompile>
    <ClCompile Include="Kingston.cpp">
      <Filter>Source Files</Filter>
    </ClCompile>
    <ClCompile Include="DDRTres.cpp">
      <Filter>Source Files</Filter>
    </ClCompile>
    <ClCompile Include="DDRCinco.cpp">
      <Filter>Source Files</Filter>
    </ClCompile>
    <ClCompile Include="Simm.cpp">
      <Filter>Source Files</Filter>
    </ClCompile>
    <ClCompile Include="Varna.cpp">
      <Filter>Source Files</Filter>
    </ClCompile>
    <ClCompile Include="Sigma.cpp">
      <Filter>Source Files</Filter>
    </ClCompile>
    <ClCompile Include="AMD.cpp">
      <Filter>Source Files</Filter>
    </ClCompile>
    <ClCompile Include="Cyrix.cpp">
      <Filter>Source Files</Filter>
    </ClCompile>
    <ClCompile Include="SamSung.cpp">
      <Filter>Source Files</Filter>
    </ClCompile>
    <ClCompile Include="INTEL.cpp">
      <Filter>Source Files</Filter>
    </ClCompile>
    <ClCompile Include="CELL.cpp">
      <Filter>Source Files</Filter>
    </ClCompile>
    <ClCompile Include="MOTOROLA.cpp">
      <Filter>Source Files</Filter>
    </ClCompile>
    <ClCompile Include="Computador.cpp">
      <Filter>Source Files</Filter>
    </ClCompile>
    <ClCompile Include="FabricaWindowsPC.cpp">
      <Filter>Source Files</Filter>
    </ClCompile>
    <ClCompile Include="FabricaMacPC.cpp">
      <Filter>Source Files</Filter>
    </ClCompile>
    <ClCompile Include="Usuario.cpp">
      <Filter>Source Files</Filter>
    </ClCompile>
  </ItemGroup>
</Project>